// !$*UTF8*$!
{
	archiveVersion = 1;
	classes = {
	};
	objectVersion = 46;
	objects = {

/* Begin PBXBuildFile section */
		271C8C601EF3D8D6006AEBFA /* MainVC.swift in Sources */ = {isa = PBXBuildFile; fileRef = 271C8C5F1EF3D8D6006AEBFA /* MainVC.swift */; };
		271C8C6B1EF3D8DC006AEBFA /* Image+CoreDataProperties.swift in Sources */ = {isa = PBXBuildFile; fileRef = 271C8C631EF3D8DC006AEBFA /* Image+CoreDataProperties.swift */; };
		271C8C6C1EF3D8DC006AEBFA /* Item+CoreDataProperties.swift in Sources */ = {isa = PBXBuildFile; fileRef = 271C8C641EF3D8DC006AEBFA /* Item+CoreDataProperties.swift */; };
		271C8C6D1EF3D8DC006AEBFA /* ItemType+CoreDataProperties.swift in Sources */ = {isa = PBXBuildFile; fileRef = 271C8C651EF3D8DC006AEBFA /* ItemType+CoreDataProperties.swift */; };
		271C8C6E1EF3D8DC006AEBFA /* Store+CoreDataProperties.swift in Sources */ = {isa = PBXBuildFile; fileRef = 271C8C661EF3D8DC006AEBFA /* Store+CoreDataProperties.swift */; };
		271C8C6F1EF3D8DC006AEBFA /* Image+CoreDataClass.swift in Sources */ = {isa = PBXBuildFile; fileRef = 271C8C671EF3D8DC006AEBFA /* Image+CoreDataClass.swift */; };
		271C8C701EF3D8DC006AEBFA /* Item+CoreDataClass.swift in Sources */ = {isa = PBXBuildFile; fileRef = 271C8C681EF3D8DC006AEBFA /* Item+CoreDataClass.swift */; };
		271C8C711EF3D8DC006AEBFA /* ItemType+CoreDataClass.swift in Sources */ = {isa = PBXBuildFile; fileRef = 271C8C691EF3D8DC006AEBFA /* ItemType+CoreDataClass.swift */; };
		271C8C721EF3D8DC006AEBFA /* Store+CoreDataClass.swift in Sources */ = {isa = PBXBuildFile; fileRef = 271C8C6A1EF3D8DC006AEBFA /* Store+CoreDataClass.swift */; };
		271C8C761EF3D8E1006AEBFA /* ItemCell.swift in Sources */ = {isa = PBXBuildFile; fileRef = 271C8C741EF3D8E1006AEBFA /* ItemCell.swift */; };
		271C8C771EF3D8E1006AEBFA /* MaterialView.swift in Sources */ = {isa = PBXBuildFile; fileRef = 271C8C751EF3D8E1006AEBFA /* MaterialView.swift */; };
		271C8C791EF3D90B006AEBFA /* ItemDetailsVC.swift in Sources */ = {isa = PBXBuildFile; fileRef = 271C8C781EF3D90B006AEBFA /* ItemDetailsVC.swift */; };
		271C8C7B1EF3DBC8006AEBFA /* CustomTextField.swift in Sources */ = {isa = PBXBuildFile; fileRef = 271C8C7A1EF3DBC8006AEBFA /* CustomTextField.swift */; };
		27D4B23D1EF0D33C00A2EA8C /* AppDelegate.swift in Sources */ = {isa = PBXBuildFile; fileRef = 27D4B23C1EF0D33C00A2EA8C /* AppDelegate.swift */; };
		27D4B2421EF0D33C00A2EA8C /* Main.storyboard in Resources */ = {isa = PBXBuildFile; fileRef = 27D4B2401EF0D33C00A2EA8C /* Main.storyboard */; };
		27D4B2451EF0D33C00A2EA8C /* DreamLister.xcdatamodeld in Sources */ = {isa = PBXBuildFile; fileRef = 27D4B2431EF0D33C00A2EA8C /* DreamLister.xcdatamodeld */; };
		27D4B2471EF0D33C00A2EA8C /* Assets.xcassets in Resources */ = {isa = PBXBuildFile; fileRef = 27D4B2461EF0D33C00A2EA8C /* Assets.xcassets */; };
		27D4B24A1EF0D33C00A2EA8C /* LaunchScreen.storyboard in Resources */ = {isa = PBXBuildFile; fileRef = 27D4B2481EF0D33C00A2EA8C /* LaunchScreen.storyboard */; };
/* End PBXBuildFile section */

/* Begin PBXFileReference section */
		271C8C5F1EF3D8D6006AEBFA /* MainVC.swift */ = {isa = PBXFileReference; fileEncoding = 4; lastKnownFileType = sourcecode.swift; path = MainVC.swift; sourceTree = "<group>"; };
		271C8C631EF3D8DC006AEBFA /* Image+CoreDataProperties.swift */ = {isa = PBXFileReference; fileEncoding = 4; lastKnownFileType = sourcecode.swift; path = "Image+CoreDataProperties.swift"; sourceTree = "<group>"; };
		271C8C641EF3D8DC006AEBFA /* Item+CoreDataProperties.swift */ = {isa = PBXFileReference; fileEncoding = 4; lastKnownFileType = sourcecode.swift; path = "Item+CoreDataProperties.swift"; sourceTree = "<group>"; };
		271C8C651EF3D8DC006AEBFA /* ItemType+CoreDataProperties.swift */ = {isa = PBXFileReference; fileEncoding = 4; lastKnownFileType = sourcecode.swift; path = "ItemType+CoreDataProperties.swift"; sourceTree = "<group>"; };
		271C8C661EF3D8DC006AEBFA /* Store+CoreDataProperties.swift */ = {isa = PBXFileReference; fileEncoding = 4; lastKnownFileType = sourcecode.swift; path = "Store+CoreDataProperties.swift"; sourceTree = "<group>"; };
		271C8C671EF3D8DC006AEBFA /* Image+CoreDataClass.swift */ = {isa = PBXFileReference; fileEncoding = 4; lastKnownFileType = sourcecode.swift; path = "Image+CoreDataClass.swift"; sourceTree = "<group>"; };
		271C8C681EF3D8DC006AEBFA /* Item+CoreDataClass.swift */ = {isa = PBXFileReference; fileEncoding = 4; lastKnownFileType = sourcecode.swift; path = "Item+CoreDataClass.swift"; sourceTree = "<group>"; };
		271C8C691EF3D8DC006AEBFA /* ItemType+CoreDataClass.swift */ = {isa = PBXFileReference; fileEncoding = 4; lastKnownFileType = sourcecode.swift; path = "ItemType+CoreDataClass.swift"; sourceTree = "<group>"; };
		271C8C6A1EF3D8DC006AEBFA /* Store+CoreDataClass.swift */ = {isa = PBXFileReference; fileEncoding = 4; lastKnownFileType = sourcecode.swift; path = "Store+CoreDataClass.swift"; sourceTree = "<group>"; };
		271C8C741EF3D8E1006AEBFA /* ItemCell.swift */ = {isa = PBXFileReference; fileEncoding = 4; lastKnownFileType = sourcecode.swift; path = ItemCell.swift; sourceTree = "<group>"; };
		271C8C751EF3D8E1006AEBFA /* MaterialView.swift */ = {isa = PBXFileReference; fileEncoding = 4; lastKnownFileType = sourcecode.swift; path = MaterialView.swift; sourceTree = "<group>"; };
		271C8C781EF3D90B006AEBFA /* ItemDetailsVC.swift */ = {isa = PBXFileReference; fileEncoding = 4; lastKnownFileType = sourcecode.swift; path = ItemDetailsVC.swift; sourceTree = "<group>"; };
		271C8C7A1EF3DBC8006AEBFA /* CustomTextField.swift */ = {isa = PBXFileReference; fileEncoding = 4; lastKnownFileType = sourcecode.swift; path = CustomTextField.swift; sourceTree = "<group>"; };
		27D4B2391EF0D33C00A2EA8C /* DreamLister.app */ = {isa = PBXFileReference; explicitFileType = wrapper.application; includeInIndex = 0; path = DreamLister.app; sourceTree = BUILT_PRODUCTS_DIR; };
		27D4B23C1EF0D33C00A2EA8C /* AppDelegate.swift */ = {isa = PBXFileReference; lastKnownFileType = sourcecode.swift; path = AppDelegate.swift; sourceTree = "<group>"; };
		27D4B2411EF0D33C00A2EA8C /* Base */ = {isa = PBXFileReference; lastKnownFileType = file.storyboard; name = Base; path = Base.lproj/Main.storyboard; sourceTree = "<group>"; };
		27D4B2441EF0D33C00A2EA8C /* DreamLister.xcdatamodel */ = {isa = PBXFileReference; lastKnownFileType = wrapper.xcdatamodel; path = DreamLister.xcdatamodel; sourceTree = "<group>"; };
		27D4B2461EF0D33C00A2EA8C /* Assets.xcassets */ = {isa = PBXFileReference; lastKnownFileType = folder.assetcatalog; path = Assets.xcassets; sourceTree = "<group>"; };
		27D4B2491EF0D33C00A2EA8C /* Base */ = {isa = PBXFileReference; lastKnownFileType = file.storyboard; name = Base; path = Base.lproj/LaunchScreen.storyboard; sourceTree = "<group>"; };
		27D4B24B1EF0D33C00A2EA8C /* Info.plist */ = {isa = PBXFileReference; lastKnownFileType = text.plist.xml; path = Info.plist; sourceTree = "<group>"; };
/* End PBXFileReference section */

/* Begin PBXFrameworksBuildPhase section */
		27D4B2361EF0D33C00A2EA8C /* Frameworks */ = {
			isa = PBXFrameworksBuildPhase;
			buildActionMask = 2147483647;
			files = (
			);
			runOnlyForDeploymentPostprocessing = 0;
		};
/* End PBXFrameworksBuildPhase section */

/* Begin PBXGroup section */
		271C8C5E1EF3D8D6006AEBFA /* Controller */ = {
			isa = PBXGroup;
			children = (
				271C8C5F1EF3D8D6006AEBFA /* MainVC.swift */,
				271C8C781EF3D90B006AEBFA /* ItemDetailsVC.swift */,
			);
			path = Controller;
			sourceTree = "<group>";
		};
		271C8C611EF3D8DC006AEBFA /* Model */ = {
			isa = PBXGroup;
			children = (
				271C8C621EF3D8DC006AEBFA /* Generated */,
				271C8C671EF3D8DC006AEBFA /* Image+CoreDataClass.swift */,
				271C8C681EF3D8DC006AEBFA /* Item+CoreDataClass.swift */,
				271C8C691EF3D8DC006AEBFA /* ItemType+CoreDataClass.swift */,
				271C8C6A1EF3D8DC006AEBFA /* Store+CoreDataClass.swift */,
			);
			path = Model;
			sourceTree = "<group>";
		};
		271C8C621EF3D8DC006AEBFA /* Generated */ = {
			isa = PBXGroup;
			children = (
				271C8C631EF3D8DC006AEBFA /* Image+CoreDataProperties.swift */,
				271C8C641EF3D8DC006AEBFA /* Item+CoreDataProperties.swift */,
				271C8C651EF3D8DC006AEBFA /* ItemType+CoreDataProperties.swift */,
				271C8C661EF3D8DC006AEBFA /* Store+CoreDataProperties.swift */,
			);
			path = Generated;
			sourceTree = "<group>";
		};
		271C8C731EF3D8E1006AEBFA /* View */ = {
			isa = PBXGroup;
			children = (
				271C8C741EF3D8E1006AEBFA /* ItemCell.swift */,
				271C8C751EF3D8E1006AEBFA /* MaterialView.swift */,
				271C8C7A1EF3DBC8006AEBFA /* CustomTextField.swift */,
			);
			path = View;
			sourceTree = "<group>";
		};
		27D4B2301EF0D33C00A2EA8C = {
			isa = PBXGroup;
			children = (
				27D4B23B1EF0D33C00A2EA8C /* DreamLister */,
				27D4B23A1EF0D33C00A2EA8C /* Products */,
			);
			sourceTree = "<group>";
		};
		27D4B23A1EF0D33C00A2EA8C /* Products */ = {
			isa = PBXGroup;
			children = (
				27D4B2391EF0D33C00A2EA8C /* DreamLister.app */,
			);
			name = Products;
			sourceTree = "<group>";
		};
		27D4B23B1EF0D33C00A2EA8C /* DreamLister */ = {
			isa = PBXGroup;
			children = (
				271C8C5E1EF3D8D6006AEBFA /* Controller */,
				271C8C611EF3D8DC006AEBFA /* Model */,
				271C8C731EF3D8E1006AEBFA /* View */,
				27D4B23C1EF0D33C00A2EA8C /* AppDelegate.swift */,
				27D4B2401EF0D33C00A2EA8C /* Main.storyboard */,
				27D4B2461EF0D33C00A2EA8C /* Assets.xcassets */,
				27D4B2481EF0D33C00A2EA8C /* LaunchScreen.storyboard */,
				27D4B24B1EF0D33C00A2EA8C /* Info.plist */,
				27D4B2431EF0D33C00A2EA8C /* DreamLister.xcdatamodeld */,
			);
			path = DreamLister;
			sourceTree = "<group>";
		};
/* End PBXGroup section */

/* Begin PBXNativeTarget section */
		27D4B2381EF0D33C00A2EA8C /* DreamLister */ = {
			isa = PBXNativeTarget;
			buildConfigurationList = 27D4B24E1EF0D33C00A2EA8C /* Build configuration list for PBXNativeTarget "DreamLister" */;
			buildPhases = (
				27D4B2351EF0D33C00A2EA8C /* Sources */,
				27D4B2361EF0D33C00A2EA8C /* Frameworks */,
				27D4B2371EF0D33C00A2EA8C /* Resources */,
			);
			buildRules = (
			);
			dependencies = (
			);
			name = DreamLister;
			productName = DreamLister;
			productReference = 27D4B2391EF0D33C00A2EA8C /* DreamLister.app */;
			productType = "com.apple.product-type.application";
		};
/* End PBXNativeTarget section */

/* Begin PBXProject section */
		27D4B2311EF0D33C00A2EA8C /* Project object */ = {
			isa = PBXProject;
			attributes = {
				LastSwiftUpdateCheck = 0830;
				LastUpgradeCheck = 0830;
				ORGANIZATIONNAME = RKProduction;
				TargetAttributes = {
					27D4B2381EF0D33C00A2EA8C = {
						CreatedOnToolsVersion = 8.3.2;
						DevelopmentTeam = QRSG73774N;
						ProvisioningStyle = Automatic;
					};
				};
			};
			buildConfigurationList = 27D4B2341EF0D33C00A2EA8C /* Build configuration list for PBXProject "DreamLister" */;
			compatibilityVersion = "Xcode 3.2";
			developmentRegion = English;
			hasScannedForEncodings = 0;
			knownRegions = (
				en,
				Base,
			);
			mainGroup = 27D4B2301EF0D33C00A2EA8C;
			productRefGroup = 27D4B23A1EF0D33C00A2EA8C /* Products */;
			projectDirPath = "";
			projectRoot = "";
			targets = (
				27D4B2381EF0D33C00A2EA8C /* DreamLister */,
			);
		};
/* End PBXProject section */

/* Begin PBXResourcesBuildPhase section */
		27D4B2371EF0D33C00A2EA8C /* Resources */ = {
			isa = PBXResourcesBuildPhase;
			buildActionMask = 2147483647;
			files = (
				27D4B24A1EF0D33C00A2EA8C /* LaunchScreen.storyboard in Resources */,
				27D4B2471EF0D33C00A2EA8C /* Assets.xcassets in Resources */,
				27D4B2421EF0D33C00A2EA8C /* Main.storyboard in Resources */,
			);
			runOnlyForDeploymentPostprocessing = 0;
		};
/* End PBXResourcesBuildPhase section */

/* Begin PBXSourcesBuildPhase section */
		27D4B2351EF0D33C00A2EA8C /* Sources */ = {
			isa = PBXSourcesBuildPhase;
			buildActionMask = 2147483647;
			files = (
				27D4B23D1EF0D33C00A2EA8C /* AppDelegate.swift in Sources */,
				271C8C601EF3D8D6006AEBFA /* MainVC.swift in Sources */,
				271C8C711EF3D8DC006AEBFA /* ItemType+CoreDataClass.swift in Sources */,
				271C8C771EF3D8E1006AEBFA /* MaterialView.swift in Sources */,
				271C8C6D1EF3D8DC006AEBFA /* ItemType+CoreDataProperties.swift in Sources */,
				271C8C701EF3D8DC006AEBFA /* Item+CoreDataClass.swift in Sources */,
				271C8C6F1EF3D8DC006AEBFA /* Image+CoreDataClass.swift in Sources */,
				27D4B2451EF0D33C00A2EA8C /* DreamLister.xcdatamodeld in Sources */,
				271C8C791EF3D90B006AEBFA /* ItemDetailsVC.swift in Sources */,
				271C8C6E1EF3D8DC006AEBFA /* Store+CoreDataProperties.swift in Sources */,
				271C8C761EF3D8E1006AEBFA /* ItemCell.swift in Sources */,
				271C8C6B1EF3D8DC006AEBFA /* Image+CoreDataProperties.swift in Sources */,
				271C8C721EF3D8DC006AEBFA /* Store+CoreDataClass.swift in Sources */,
				271C8C6C1EF3D8DC006AEBFA /* Item+CoreDataProperties.swift in Sources */,
				271C8C7B1EF3DBC8006AEBFA /* CustomTextField.swift in Sources */,
			);
			runOnlyForDeploymentPostprocessing = 0;
		};
/* End PBXSourcesBuildPhase section */

/* Begin PBXVariantGroup section */
		27D4B2401EF0D33C00A2EA8C /* Main.storyboard */ = {
			isa = PBXVariantGroup;
			children = (
				27D4B2411EF0D33C00A2EA8C /* Base */,
			);
			name = Main.storyboard;
			sourceTree = "<group>";
		};
		27D4B2481EF0D33C00A2EA8C /* LaunchScreen.storyboard */ = {
			isa = PBXVariantGroup;
			children = (
				27D4B2491EF0D33C00A2EA8C /* Base */,
			);
			name = LaunchScreen.storyboard;
			sourceTree = "<group>";
		};
/* End PBXVariantGroup section */

/* Begin XCBuildConfiguration section */
		27D4B24C1EF0D33C00A2EA8C /* Debug */ = {
			isa = XCBuildConfiguration;
			buildSettings = {
				ALWAYS_SEARCH_USER_PATHS = NO;
				CLANG_ANALYZER_NONNULL = YES;
				CLANG_ANALYZER_NUMBER_OBJECT_CONVERSION = YES_AGGRESSIVE;
				CLANG_CXX_LANGUAGE_STANDARD = "gnu++0x";
				CLANG_CXX_LIBRARY = "libc++";
				CLANG_ENABLE_MODULES = YES;
				CLANG_ENABLE_OBJC_ARC = YES;
				CLANG_WARN_BOOL_CONVERSION = YES;
				CLANG_WARN_CONSTANT_CONVERSION = YES;
				CLANG_WARN_DIRECT_OBJC_ISA_USAGE = YES_ERROR;
				CLANG_WARN_DOCUMENTATION_COMMENTS = YES;
				CLANG_WARN_EMPTY_BODY = YES;
				CLANG_WARN_ENUM_CONVERSION = YES;
				CLANG_WARN_INFINITE_RECURSION = YES;
				CLANG_WARN_INT_CONVERSION = YES;
				CLANG_WARN_OBJC_ROOT_CLASS = YES_ERROR;
				CLANG_WARN_SUSPICIOUS_MOVE = YES;
				CLANG_WARN_UNREACHABLE_CODE = YES;
				CLANG_WARN__DUPLICATE_METHOD_MATCH = YES;
				"CODE_SIGN_IDENTITY[sdk=iphoneos*]" = "iPhone Developer";
				COPY_PHASE_STRIP = NO;
				DEBUG_INFORMATION_FORMAT = dwarf;
				ENABLE_STRICT_OBJC_MSGSEND = YES;
				ENABLE_TESTABILITY = YES;
				GCC_C_LANGUAGE_STANDARD = gnu99;
				GCC_DYNAMIC_NO_PIC = NO;
				GCC_NO_COMMON_BLOCKS = YES;
				GCC_OPTIMIZATION_LEVEL = 0;
				GCC_PREPROCESSOR_DEFINITIONS = (
					"DEBUG=1",
					"$(inherited)",
				);
				GCC_WARN_64_TO_32_BIT_CONVERSION = YES;
				GCC_WARN_ABOUT_RETURN_TYPE = YES_ERROR;
				GCC_WARN_UNDECLARED_SELECTOR = YES;
				GCC_WARN_UNINITIALIZED_AUTOS = YES_AGGRESSIVE;
				GCC_WARN_UNUSED_FUNCTION = YES;
				GCC_WARN_UNUSED_VARIABLE = YES;
				IPHONEOS_DEPLOYMENT_TARGET = 10.3;
				MTL_ENABLE_DEBUG_INFO = YES;
				ONLY_ACTIVE_ARCH = YES;
				SDKROOT = iphoneos;
				SWIFT_ACTIVE_COMPILATION_CONDITIONS = DEBUG;
				SWIFT_OPTIMIZATION_LEVEL = "-Onone";
				TARGETED_DEVICE_FAMILY = "1,2";
			};
			name = Debug;
		};
		27D4B24D1EF0D33C00A2EA8C /* Release */ = {
			isa = XCBuildConfiguration;
			buildSettings = {
				ALWAYS_SEARCH_USER_PATHS = NO;
				CLANG_ANALYZER_NONNULL = YES;
				CLANG_ANALYZER_NUMBER_OBJECT_CONVERSION = YES_AGGRESSIVE;
				CLANG_CXX_LANGUAGE_STANDARD = "gnu++0x";
				CLANG_CXX_LIBRARY = "libc++";
				CLANG_ENABLE_MODULES = YES;
				CLANG_ENABLE_OBJC_ARC = YES;
				CLANG_WARN_BOOL_CONVERSION = YES;
				CLANG_WARN_CONSTANT_CONVERSION = YES;
				CLANG_WARN_DIRECT_OBJC_ISA_USAGE = YES_ERROR;
				CLANG_WARN_DOCUMENTATION_COMMENTS = YES;
				CLANG_WARN_EMPTY_BODY = YES;
				CLANG_WARN_ENUM_CONVERSION = YES;
				CLANG_WARN_INFINITE_RECURSION = YES;
				CLANG_WARN_INT_CONVERSION = YES;
				CLANG_WARN_OBJC_ROOT_CLASS = YES_ERROR;
				CLANG_WARN_SUSPICIOUS_MOVE = YES;
				CLANG_WARN_UNREACHABLE_CODE = YES;
				CLANG_WARN__DUPLICATE_METHOD_MATCH = YES;
				"CODE_SIGN_IDENTITY[sdk=iphoneos*]" = "iPhone Developer";
				COPY_PHASE_STRIP = NO;
				DEBUG_INFORMATION_FORMAT = "dwarf-with-dsym";
				ENABLE_NS_ASSERTIONS = NO;
				ENABLE_STRICT_OBJC_MSGSEND = YES;
				GCC_C_LANGUAGE_STANDARD = gnu99;
				GCC_NO_COMMON_BLOCKS = YES;
				GCC_WARN_64_TO_32_BIT_CONVERSION = YES;
				GCC_WARN_ABOUT_RETURN_TYPE = YES_ERROR;
				GCC_WARN_UNDECLARED_SELECTOR = YES;
				GCC_WARN_UNINITIALIZED_AUTOS = YES_AGGRESSIVE;
				GCC_WARN_UNUSED_FUNCTION = YES;
				GCC_WARN_UNUSED_VARIABLE = YES;
				IPHONEOS_DEPLOYMENT_TARGET = 10.3;
				MTL_ENABLE_DEBUG_INFO = NO;
				SDKROOT = iphoneos;
				SWIFT_OPTIMIZATION_LEVEL = "-Owholemodule";
				TARGETED_DEVICE_FAMILY = "1,2";
				VALIDATE_PRODUCT = YES;
			};
			name = Release;
		};
		27D4B24F1EF0D33C00A2EA8C /* Debug */ = {
			isa = XCBuildConfiguration;
			buildSettings = {
				ASSETCATALOG_COMPILER_APPICON_NAME = AppIcon;
				DEVELOPMENT_TEAM = QRSG73774N;
				INFOPLIST_FILE = DreamLister/Info.plist;
				LD_RUNPATH_SEARCH_PATHS = "$(inherited) @executable_path/Frameworks";
				PRODUCT_BUNDLE_IDENTIFIER = com.RKProduction.DreamLister;
				PRODUCT_NAME = "$(TARGET_NAME)";
				SWIFT_VERSION = 3.0;
			};
			name = Debug;
		};
		27D4B2501EF0D33C00A2EA8C /* Release */ = {
			isa = XCBuildConfiguration;
			buildSettings = {
				ASSETCATALOG_COMPILER_APPICON_NAME = AppIcon;
				DEVELOPMENT_TEAM = QRSG73774N;
				INFOPLIST_FILE = DreamLister/Info.plist;
				LD_RUNPATH_SEARCH_PATHS = "$(inherited) @executable_path/Frameworks";
				PRODUCT_BUNDLE_IDENTIFIER = com.RKProduction.DreamLister;
				PRODUCT_NAME = "$(TARGET_NAME)";
				SWIFT_VERSION = 3.0;
			};
			name = Release;
		};
/* End XCBuildConfiguration section */

/* Begin XCConfigurationList section */
		27D4B2341EF0D33C00A2EA8C /* Build configuration list for PBXProject "DreamLister" */ = {
			isa = XCConfigurationList;
			buildConfigurations = (
				27D4B24C1EF0D33C00A2EA8C /* Debug */,
				27D4B24D1EF0D33C00A2EA8C /* Release */,
			);
			defaultConfigurationIsVisible = 0;
			defaultConfigurationName = Release;
		};
		27D4B24E1EF0D33C00A2EA8C /* Build configuration list for PBXNativeTarget "DreamLister" */ = {
			isa = XCConfigurationList;
			buildConfigurations = (
				27D4B24F1EF0D33C00A2EA8C /* Debug */,
				27D4B2501EF0D33C00A2EA8C /* Release */,
			);
			defaultConfigurationIsVisible = 0;
			defaultConfigurationName = Release;
		};
/* End XCConfigurationList section */

/* Begin XCVersionGroup section */
		27D4B2431EF0D33C00A2EA8C /* DreamLister.xcdatamodeld */ = {
			isa = XCVersionGroup;
			children = (
				27D4B2441EF0D33C00A2EA8C /* DreamLister.xcdatamodel */,
			);
			currentVersion = 27D4B2441EF0D33C00A2EA8C /* DreamLister.xcdatamodel */;
			path = DreamLister.xcdatamodeld;
			sourceTree = "<group>";
			versionGroupType = wrapper.xcdatamodel;
		};
/* End XCVersionGroup section */
	};
	rootObject = 27D4B2311EF0D33C00A2EA8C /* Project object */;
}
