// !$*UTF8*$!
{
	archiveVersion = 1;
	classes = {
	};
	objectVersion = 46;
	objects = {

/* Begin PBXBuildFile section */
		272630E61EE85B7500BD766C /* AppDelegate.swift in Sources */ = {isa = PBXBuildFile; fileRef = 272630E51EE85B7500BD766C /* AppDelegate.swift */; };
		272630E81EE85B7500BD766C /* ViewController.swift in Sources */ = {isa = PBXBuildFile; fileRef = 272630E71EE85B7500BD766C /* ViewController.swift */; };
		272630EB1EE85B7500BD766C /* Main.storyboard in Resources */ = {isa = PBXBuildFile; fileRef = 272630E91EE85B7500BD766C /* Main.storyboard */; };
		272630ED1EE85B7500BD766C /* Assets.xcassets in Resources */ = {isa = PBXBuildFile; fileRef = 272630EC1EE85B7500BD766C /* Assets.xcassets */; };
		272630F01EE85B7500BD766C /* LaunchScreen.storyboard in Resources */ = {isa = PBXBuildFile; fileRef = 272630EE1EE85B7500BD766C /* LaunchScreen.storyboard */; };
		272630F81EE85DD000BD766C /* pokemon.csv in Resources */ = {isa = PBXBuildFile; fileRef = 272630F71EE85DD000BD766C /* pokemon.csv */; };
		272630FB1EE85E9600BD766C /* Pokemon.swift in Sources */ = {isa = PBXBuildFile; fileRef = 272630FA1EE85E9600BD766C /* Pokemon.swift */; };
		272630FE1EE874A300BD766C /* PokeCell.swift in Sources */ = {isa = PBXBuildFile; fileRef = 272630FD1EE874A300BD766C /* PokeCell.swift */; };
		272631001EE8B22400BD766C /* csv.swift in Sources */ = {isa = PBXBuildFile; fileRef = 272630FF1EE8B22400BD766C /* csv.swift */; };
		272631031EE8C7E500BD766C /* Pokemon_Solid.ttf in Resources */ = {isa = PBXBuildFile; fileRef = 272631021EE8C7E500BD766C /* Pokemon_Solid.ttf */; };
		272631091EE8C97700BD766C /* music.mp3 in Resources */ = {isa = PBXBuildFile; fileRef = 272631071EE8C97700BD766C /* music.mp3 */; };
		2726310A1EE8C97700BD766C /* music.png in Resources */ = {isa = PBXBuildFile; fileRef = 272631081EE8C97700BD766C /* music.png */; };
		2726310C1EE8D5FE00BD766C /* PokemonDetailVC.swift in Sources */ = {isa = PBXBuildFile; fileRef = 2726310B1EE8D5FE00BD766C /* PokemonDetailVC.swift */; };
		2726310E1EE8F0E900BD766C /* URLConstants.swift in Sources */ = {isa = PBXBuildFile; fileRef = 2726310D1EE8F0E900BD766C /* URLConstants.swift */; };
		4B7ADA56D255C2A53B33B851 /* Pods_Pokedex.framework in Frameworks */ = {isa = PBXBuildFile; fileRef = DDB58B483788C40055AB0092 /* Pods_Pokedex.framework */; };
/* End PBXBuildFile section */

/* Begin PBXFileReference section */
		272630E21EE85B7500BD766C /* Pokedex.app */ = {isa = PBXFileReference; explicitFileType = wrapper.application; includeInIndex = 0; path = Pokedex.app; sourceTree = BUILT_PRODUCTS_DIR; };
		272630E51EE85B7500BD766C /* AppDelegate.swift */ = {isa = PBXFileReference; lastKnownFileType = sourcecode.swift; path = AppDelegate.swift; sourceTree = "<group>"; };
		272630E71EE85B7500BD766C /* ViewController.swift */ = {isa = PBXFileReference; lastKnownFileType = sourcecode.swift; path = ViewController.swift; sourceTree = "<group>"; };
		272630EA1EE85B7500BD766C /* Base */ = {isa = PBXFileReference; lastKnownFileType = file.storyboard; name = Base; path = Base.lproj/Main.storyboard; sourceTree = "<group>"; };
		272630EC1EE85B7500BD766C /* Assets.xcassets */ = {isa = PBXFileReference; lastKnownFileType = folder.assetcatalog; path = Assets.xcassets; sourceTree = "<group>"; };
		272630EF1EE85B7500BD766C /* Base */ = {isa = PBXFileReference; lastKnownFileType = file.storyboard; name = Base; path = Base.lproj/LaunchScreen.storyboard; sourceTree = "<group>"; };
		272630F11EE85B7500BD766C /* Info.plist */ = {isa = PBXFileReference; lastKnownFileType = text.plist.xml; path = Info.plist; sourceTree = "<group>"; };
		272630F71EE85DD000BD766C /* pokemon.csv */ = {isa = PBXFileReference; fileEncoding = 4; lastKnownFileType = text; path = pokemon.csv; sourceTree = "<group>"; };
		272630FA1EE85E9600BD766C /* Pokemon.swift */ = {isa = PBXFileReference; fileEncoding = 4; lastKnownFileType = sourcecode.swift; path = Pokemon.swift; sourceTree = "<group>"; };
		272630FD1EE874A300BD766C /* PokeCell.swift */ = {isa = PBXFileReference; fileEncoding = 4; lastKnownFileType = sourcecode.swift; path = PokeCell.swift; sourceTree = "<group>"; };
		272630FF1EE8B22400BD766C /* csv.swift */ = {isa = PBXFileReference; fileEncoding = 4; lastKnownFileType = sourcecode.swift; path = csv.swift; sourceTree = "<group>"; };
		272631021EE8C7E500BD766C /* Pokemon_Solid.ttf */ = {isa = PBXFileReference; lastKnownFileType = file; path = Pokemon_Solid.ttf; sourceTree = "<group>"; };
		272631071EE8C97700BD766C /* music.mp3 */ = {isa = PBXFileReference; lastKnownFileType = audio.mp3; path = music.mp3; sourceTree = "<group>"; };
		272631081EE8C97700BD766C /* music.png */ = {isa = PBXFileReference; lastKnownFileType = image.png; path = music.png; sourceTree = "<group>"; };
		2726310B1EE8D5FE00BD766C /* PokemonDetailVC.swift */ = {isa = PBXFileReference; fileEncoding = 4; lastKnownFileType = sourcecode.swift; path = PokemonDetailVC.swift; sourceTree = "<group>"; };
		2726310D1EE8F0E900BD766C /* URLConstants.swift */ = {isa = PBXFileReference; fileEncoding = 4; lastKnownFileType = sourcecode.swift; path = URLConstants.swift; sourceTree = "<group>"; };
		332DFBBE5A36ABFD5C1A7A10 /* Pods-Pokedex.release.xcconfig */ = {isa = PBXFileReference; includeInIndex = 1; lastKnownFileType = text.xcconfig; name = "Pods-Pokedex.release.xcconfig"; path = "Pods/Target Support Files/Pods-Pokedex/Pods-Pokedex.release.xcconfig"; sourceTree = "<group>"; };
		660DD196FFED414A50AC6749 /* Pods-Pokedex.debug.xcconfig */ = {isa = PBXFileReference; includeInIndex = 1; lastKnownFileType = text.xcconfig; name = "Pods-Pokedex.debug.xcconfig"; path = "Pods/Target Support Files/Pods-Pokedex/Pods-Pokedex.debug.xcconfig"; sourceTree = "<group>"; };
		DDB58B483788C40055AB0092 /* Pods_Pokedex.framework */ = {isa = PBXFileReference; explicitFileType = wrapper.framework; includeInIndex = 0; path = Pods_Pokedex.framework; sourceTree = BUILT_PRODUCTS_DIR; };
/* End PBXFileReference section */

/* Begin PBXFrameworksBuildPhase section */
		272630DF1EE85B7500BD766C /* Frameworks */ = {
			isa = PBXFrameworksBuildPhase;
			buildActionMask = 2147483647;
			files = (
				4B7ADA56D255C2A53B33B851 /* Pods_Pokedex.framework in Frameworks */,
			);
			runOnlyForDeploymentPostprocessing = 0;
		};
/* End PBXFrameworksBuildPhase section */

/* Begin PBXGroup section */
		272630D91EE85B7500BD766C = {
			isa = PBXGroup;
			children = (
				272630E41EE85B7500BD766C /* Pokedex */,
				272630E31EE85B7500BD766C /* Products */,
				EAADC063D1A235D3AE54DD17 /* Pods */,
				4131B1A11B7E7F098537F9D1 /* Frameworks */,
			);
			sourceTree = "<group>";
		};
		272630E31EE85B7500BD766C /* Products */ = {
			isa = PBXGroup;
			children = (
				272630E21EE85B7500BD766C /* Pokedex.app */,
			);
			name = Products;
			sourceTree = "<group>";
		};
		272630E41EE85B7500BD766C /* Pokedex */ = {
			isa = PBXGroup;
			children = (
				272630F91EE85E7B00BD766C /* Model */,
				272630FC1EE8747D00BD766C /* View */,
				272631051EE8C80E00BD766C /* Controller */,
				272631011EE8B22800BD766C /* Util */,
				272631061EE8C82800BD766C /* Resources */,
				272630E51EE85B7500BD766C /* AppDelegate.swift */,
				272630E91EE85B7500BD766C /* Main.storyboard */,
				272630EC1EE85B7500BD766C /* Assets.xcassets */,
				272630EE1EE85B7500BD766C /* LaunchScreen.storyboard */,
				272630F11EE85B7500BD766C /* Info.plist */,
			);
			path = Pokedex;
			sourceTree = "<group>";
		};
		272630F91EE85E7B00BD766C /* Model */ = {
			isa = PBXGroup;
			children = (
				272630FA1EE85E9600BD766C /* Pokemon.swift */,
			);
			name = Model;
			sourceTree = "<group>";
		};
		272630FC1EE8747D00BD766C /* View */ = {
			isa = PBXGroup;
			children = (
				272630FD1EE874A300BD766C /* PokeCell.swift */,
			);
			name = View;
			sourceTree = "<group>";
		};
		272631011EE8B22800BD766C /* Util */ = {
			isa = PBXGroup;
			children = (
				272630FF1EE8B22400BD766C /* csv.swift */,
				2726310D1EE8F0E900BD766C /* URLConstants.swift */,
			);
			name = Util;
			sourceTree = "<group>";
		};
		272631051EE8C80E00BD766C /* Controller */ = {
			isa = PBXGroup;
			children = (
				272630E71EE85B7500BD766C /* ViewController.swift */,
				2726310B1EE8D5FE00BD766C /* PokemonDetailVC.swift */,
			);
			name = Controller;
			sourceTree = "<group>";
		};
		272631061EE8C82800BD766C /* Resources */ = {
			isa = PBXGroup;
			children = (
				272631021EE8C7E500BD766C /* Pokemon_Solid.ttf */,
				272630F71EE85DD000BD766C /* pokemon.csv */,
				272631071EE8C97700BD766C /* music.mp3 */,
				272631081EE8C97700BD766C /* music.png */,
			);
			name = Resources;
			sourceTree = "<group>";
		};
		4131B1A11B7E7F098537F9D1 /* Frameworks */ = {
			isa = PBXGroup;
			children = (
				DDB58B483788C40055AB0092 /* Pods_Pokedex.framework */,
			);
			name = Frameworks;
			sourceTree = "<group>";
		};
		EAADC063D1A235D3AE54DD17 /* Pods */ = {
			isa = PBXGroup;
			children = (
				660DD196FFED414A50AC6749 /* Pods-Pokedex.debug.xcconfig */,
				332DFBBE5A36ABFD5C1A7A10 /* Pods-Pokedex.release.xcconfig */,
			);
			name = Pods;
			sourceTree = "<group>";
		};
/* End PBXGroup section */

/* Begin PBXNativeTarget section */
		272630E11EE85B7500BD766C /* Pokedex */ = {
			isa = PBXNativeTarget;
			buildConfigurationList = 272630F41EE85B7500BD766C /* Build configuration list for PBXNativeTarget "Pokedex" */;
			buildPhases = (
				4E9B5E63592166A0F93C983A /* [CP] Check Pods Manifest.lock */,
				272630DE1EE85B7500BD766C /* Sources */,
				272630DF1EE85B7500BD766C /* Frameworks */,
				272630E01EE85B7500BD766C /* Resources */,
				9232A661779A22C2866D6233 /* [CP] Embed Pods Frameworks */,
				08CAB4C363271B1788A56FC5 /* [CP] Copy Pods Resources */,
			);
			buildRules = (
			);
			dependencies = (
			);
			name = Pokedex;
			productName = Pokedex;
			productReference = 272630E21EE85B7500BD766C /* Pokedex.app */;
			productType = "com.apple.product-type.application";
		};
/* End PBXNativeTarget section */

/* Begin PBXProject section */
		272630DA1EE85B7500BD766C /* Project object */ = {
			isa = PBXProject;
			attributes = {
				LastSwiftUpdateCheck = 0830;
				LastUpgradeCheck = 0830;
				ORGANIZATIONNAME = RKProduction;
				TargetAttributes = {
					272630E11EE85B7500BD766C = {
						CreatedOnToolsVersion = 8.3.2;
						DevelopmentTeam = QRSG73774N;
						LastSwiftMigration = 0830;
						ProvisioningStyle = Automatic;
					};
				};
			};
			buildConfigurationList = 272630DD1EE85B7500BD766C /* Build configuration list for PBXProject "Pokedex" */;
			compatibilityVersion = "Xcode 3.2";
			developmentRegion = English;
			hasScannedForEncodings = 0;
			knownRegions = (
				en,
				Base,
			);
			mainGroup = 272630D91EE85B7500BD766C;
			productRefGroup = 272630E31EE85B7500BD766C /* Products */;
			projectDirPath = "";
			projectRoot = "";
			targets = (
				272630E11EE85B7500BD766C /* Pokedex */,
			);
		};
/* End PBXProject section */

/* Begin PBXResourcesBuildPhase section */
		272630E01EE85B7500BD766C /* Resources */ = {
			isa = PBXResourcesBuildPhase;
			buildActionMask = 2147483647;
			files = (
				272631031EE8C7E500BD766C /* Pokemon_Solid.ttf in Resources */,
				2726310A1EE8C97700BD766C /* music.png in Resources */,
				272630F01EE85B7500BD766C /* LaunchScreen.storyboard in Resources */,
				272631091EE8C97700BD766C /* music.mp3 in Resources */,
				272630ED1EE85B7500BD766C /* Assets.xcassets in Resources */,
				272630F81EE85DD000BD766C /* pokemon.csv in Resources */,
				272630EB1EE85B7500BD766C /* Main.storyboard in Resources */,
			);
			runOnlyForDeploymentPostprocessing = 0;
		};
/* End PBXResourcesBuildPhase section */

/* Begin PBXShellScriptBuildPhase section */
		08CAB4C363271B1788A56FC5 /* [CP] Copy Pods Resources */ = {
			isa = PBXShellScriptBuildPhase;
			buildActionMask = 2147483647;
			files = (
			);
			inputPaths = (
			);
			name = "[CP] Copy Pods Resources";
			outputPaths = (
			);
			runOnlyForDeploymentPostprocessing = 0;
			shellPath = /bin/sh;
			shellScript = "\"${SRCROOT}/Pods/Target Support Files/Pods-Pokedex/Pods-Pokedex-resources.sh\"\n";
			showEnvVarsInLog = 0;
		};
		4E9B5E63592166A0F93C983A /* [CP] Check Pods Manifest.lock */ = {
			isa = PBXShellScriptBuildPhase;
			buildActionMask = 2147483647;
			files = (
			);
			inputPaths = (
			);
			name = "[CP] Check Pods Manifest.lock";
			outputPaths = (
			);
			runOnlyForDeploymentPostprocessing = 0;
			shellPath = /bin/sh;
			shellScript = "diff \"${PODS_ROOT}/../Podfile.lock\" \"${PODS_ROOT}/Manifest.lock\" > /dev/null\nif [ $? != 0 ] ; then\n    # print error to STDERR\n    echo \"error: The sandbox is not in sync with the Podfile.lock. Run 'pod install' or update your CocoaPods installation.\" >&2\n    exit 1\nfi\n";
			showEnvVarsInLog = 0;
		};
		9232A661779A22C2866D6233 /* [CP] Embed Pods Frameworks */ = {
			isa = PBXShellScriptBuildPhase;
			buildActionMask = 2147483647;
			files = (
			);
			inputPaths = (
			);
			name = "[CP] Embed Pods Frameworks";
			outputPaths = (
			);
			runOnlyForDeploymentPostprocessing = 0;
			shellPath = /bin/sh;
			shellScript = "\"${SRCROOT}/Pods/Target Support Files/Pods-Pokedex/Pods-Pokedex-frameworks.sh\"\n";
			showEnvVarsInLog = 0;
		};
/* End PBXShellScriptBuildPhase section */

/* Begin PBXSourcesBuildPhase section */
		272630DE1EE85B7500BD766C /* Sources */ = {
			isa = PBXSourcesBuildPhase;
			buildActionMask = 2147483647;
			files = (
				272630FE1EE874A300BD766C /* PokeCell.swift in Sources */,
				272630E81EE85B7500BD766C /* ViewController.swift in Sources */,
				272630E61EE85B7500BD766C /* AppDelegate.swift in Sources */,
				2726310C1EE8D5FE00BD766C /* PokemonDetailVC.swift in Sources */,
				2726310E1EE8F0E900BD766C /* URLConstants.swift in Sources */,
				272630FB1EE85E9600BD766C /* Pokemon.swift in Sources */,
				272631001EE8B22400BD766C /* csv.swift in Sources */,
			);
			runOnlyForDeploymentPostprocessing = 0;
		};
/* End PBXSourcesBuildPhase section */

/* Begin PBXVariantGroup section */
		272630E91EE85B7500BD766C /* Main.storyboard */ = {
			isa = PBXVariantGroup;
			children = (
				272630EA1EE85B7500BD766C /* Base */,
			);
			name = Main.storyboard;
			sourceTree = "<group>";
		};
		272630EE1EE85B7500BD766C /* LaunchScreen.storyboard */ = {
			isa = PBXVariantGroup;
			children = (
				272630EF1EE85B7500BD766C /* Base */,
			);
			name = LaunchScreen.storyboard;
			sourceTree = "<group>";
		};
/* End PBXVariantGroup section */

/* Begin XCBuildConfiguration section */
		272630F21EE85B7500BD766C /* Debug */ = {
			isa = XCBuildConfiguration;
			buildSettings = {
				ALWAYS_SEARCH_USER_PATHS = NO;
				CLANG_ANALYZER_NONNULL = YES;
				CLANG_ANALYZER_NUMBER_OBJECT_CONVERSION = YES_AGGRESSIVE;
				CLANG_CXX_LANGUAGE_STANDARD = "gnu++0x";
				CLANG_CXX_LIBRARY = "libc++";
				CLANG_ENABLE_MODULES = YES;
				CLANG_ENABLE_OBJC_ARC = YES;
				CLANG_WARN_BOOL_CONVERSION = YES;
				CLANG_WARN_CONSTANT_CONVERSION = YES;
				CLANG_WARN_DIRECT_OBJC_ISA_USAGE = YES_ERROR;
				CLANG_WARN_DOCUMENTATION_COMMENTS = YES;
				CLANG_WARN_EMPTY_BODY = YES;
				CLANG_WARN_ENUM_CONVERSION = YES;
				CLANG_WARN_INFINITE_RECURSION = YES;
				CLANG_WARN_INT_CONVERSION = YES;
				CLANG_WARN_OBJC_ROOT_CLASS = YES_ERROR;
				CLANG_WARN_SUSPICIOUS_MOVE = YES;
				CLANG_WARN_UNREACHABLE_CODE = YES;
				CLANG_WARN__DUPLICATE_METHOD_MATCH = YES;
				"CODE_SIGN_IDENTITY[sdk=iphoneos*]" = "iPhone Developer";
				COPY_PHASE_STRIP = NO;
				DEBUG_INFORMATION_FORMAT = dwarf;
				ENABLE_STRICT_OBJC_MSGSEND = YES;
				ENABLE_TESTABILITY = YES;
				GCC_C_LANGUAGE_STANDARD = gnu99;
				GCC_DYNAMIC_NO_PIC = NO;
				GCC_NO_COMMON_BLOCKS = YES;
				GCC_OPTIMIZATION_LEVEL = 0;
				GCC_PREPROCESSOR_DEFINITIONS = (
					"DEBUG=1",
					"$(inherited)",
				);
				GCC_WARN_64_TO_32_BIT_CONVERSION = YES;
				GCC_WARN_ABOUT_RETURN_TYPE = YES_ERROR;
				GCC_WARN_UNDECLARED_SELECTOR = YES;
				GCC_WARN_UNINITIALIZED_AUTOS = YES_AGGRESSIVE;
				GCC_WARN_UNUSED_FUNCTION = YES;
				GCC_WARN_UNUSED_VARIABLE = YES;
				IPHONEOS_DEPLOYMENT_TARGET = 10.3;
				MTL_ENABLE_DEBUG_INFO = YES;
				ONLY_ACTIVE_ARCH = YES;
				SDKROOT = iphoneos;
				SWIFT_ACTIVE_COMPILATION_CONDITIONS = DEBUG;
				SWIFT_OPTIMIZATION_LEVEL = "-Onone";
				TARGETED_DEVICE_FAMILY = "1,2";
			};
			name = Debug;
		};
		272630F31EE85B7500BD766C /* Release */ = {
			isa = XCBuildConfiguration;
			buildSettings = {
				ALWAYS_SEARCH_USER_PATHS = NO;
				CLANG_ANALYZER_NONNULL = YES;
				CLANG_ANALYZER_NUMBER_OBJECT_CONVERSION = YES_AGGRESSIVE;
				CLANG_CXX_LANGUAGE_STANDARD = "gnu++0x";
				CLANG_CXX_LIBRARY = "libc++";
				CLANG_ENABLE_MODULES = YES;
				CLANG_ENABLE_OBJC_ARC = YES;
				CLANG_WARN_BOOL_CONVERSION = YES;
				CLANG_WARN_CONSTANT_CONVERSION = YES;
				CLANG_WARN_DIRECT_OBJC_ISA_USAGE = YES_ERROR;
				CLANG_WARN_DOCUMENTATION_COMMENTS = YES;
				CLANG_WARN_EMPTY_BODY = YES;
				CLANG_WARN_ENUM_CONVERSION = YES;
				CLANG_WARN_INFINITE_RECURSION = YES;
				CLANG_WARN_INT_CONVERSION = YES;
				CLANG_WARN_OBJC_ROOT_CLASS = YES_ERROR;
				CLANG_WARN_SUSPICIOUS_MOVE = YES;
				CLANG_WARN_UNREACHABLE_CODE = YES;
				CLANG_WARN__DUPLICATE_METHOD_MATCH = YES;
				"CODE_SIGN_IDENTITY[sdk=iphoneos*]" = "iPhone Developer";
				COPY_PHASE_STRIP = NO;
				DEBUG_INFORMATION_FORMAT = "dwarf-with-dsym";
				ENABLE_NS_ASSERTIONS = NO;
				ENABLE_STRICT_OBJC_MSGSEND = YES;
				GCC_C_LANGUAGE_STANDARD = gnu99;
				GCC_NO_COMMON_BLOCKS = YES;
				GCC_WARN_64_TO_32_BIT_CONVERSION = YES;
				GCC_WARN_ABOUT_RETURN_TYPE = YES_ERROR;
				GCC_WARN_UNDECLARED_SELECTOR = YES;
				GCC_WARN_UNINITIALIZED_AUTOS = YES_AGGRESSIVE;
				GCC_WARN_UNUSED_FUNCTION = YES;
				GCC_WARN_UNUSED_VARIABLE = YES;
				IPHONEOS_DEPLOYMENT_TARGET = 10.3;
				MTL_ENABLE_DEBUG_INFO = NO;
				SDKROOT = iphoneos;
				SWIFT_OPTIMIZATION_LEVEL = "-Owholemodule";
				TARGETED_DEVICE_FAMILY = "1,2";
				VALIDATE_PRODUCT = YES;
			};
			name = Release;
		};
		272630F51EE85B7500BD766C /* Debug */ = {
			isa = XCBuildConfiguration;
			baseConfigurationReference = 660DD196FFED414A50AC6749 /* Pods-Pokedex.debug.xcconfig */;
			buildSettings = {
				ASSETCATALOG_COMPILER_APPICON_NAME = AppIcon;
				DEVELOPMENT_TEAM = QRSG73774N;
				INFOPLIST_FILE = Pokedex/Info.plist;
				LD_RUNPATH_SEARCH_PATHS = "$(inherited) @executable_path/Frameworks";
				PRODUCT_BUNDLE_IDENTIFIER = com.RKProduction.Pokedex;
				PRODUCT_NAME = "$(TARGET_NAME)";
				SWIFT_VERSION = 3.0;
			};
			name = Debug;
		};
		272630F61EE85B7500BD766C /* Release */ = {
			isa = XCBuildConfiguration;
			baseConfigurationReference = 332DFBBE5A36ABFD5C1A7A10 /* Pods-Pokedex.release.xcconfig */;
			buildSettings = {
				ASSETCATALOG_COMPILER_APPICON_NAME = AppIcon;
				DEVELOPMENT_TEAM = QRSG73774N;
				INFOPLIST_FILE = Pokedex/Info.plist;
				LD_RUNPATH_SEARCH_PATHS = "$(inherited) @executable_path/Frameworks";
				PRODUCT_BUNDLE_IDENTIFIER = com.RKProduction.Pokedex;
				PRODUCT_NAME = "$(TARGET_NAME)";
				SWIFT_VERSION = 3.0;
			};
			name = Release;
		};
/* End XCBuildConfiguration section */

/* Begin XCConfigurationList section */
		272630DD1EE85B7500BD766C /* Build configuration list for PBXProject "Pokedex" */ = {
			isa = XCConfigurationList;
			buildConfigurations = (
				272630F21EE85B7500BD766C /* Debug */,
				272630F31EE85B7500BD766C /* Release */,
			);
			defaultConfigurationIsVisible = 0;
			defaultConfigurationName = Release;
		};
		272630F41EE85B7500BD766C /* Build configuration list for PBXNativeTarget "Pokedex" */ = {
			isa = XCConfigurationList;
			buildConfigurations = (
				272630F51EE85B7500BD766C /* Debug */,
				272630F61EE85B7500BD766C /* Release */,
			);
			defaultConfigurationIsVisible = 0;
			defaultConfigurationName = Release;
		};
/* End XCConfigurationList section */
	};
	rootObject = 272630DA1EE85B7500BD766C /* Project object */;
}
