// !$*UTF8*$!
{
	archiveVersion = 1;
	classes = {
	};
	objectVersion = 46;
	objects = {

/* Begin PBXBuildFile section */
		2733E9961F5E0AB200E3FADE /* AppCell.swift in Sources */ = {isa = PBXBuildFile; fileRef = 2733E9951F5E0AB200E3FADE /* AppCell.swift */; };
		2740D5AA1F5CC8BD00DA45FA /* AppDelegate.swift in Sources */ = {isa = PBXBuildFile; fileRef = 2740D5A91F5CC8BD00DA45FA /* AppDelegate.swift */; };
		2740D5AC1F5CC8BD00DA45FA /* FeaturedAppsVC.swift in Sources */ = {isa = PBXBuildFile; fileRef = 2740D5AB1F5CC8BD00DA45FA /* FeaturedAppsVC.swift */; };
		2740D5B21F5CC8BD00DA45FA /* AppStoreDemo.xcdatamodeld in Sources */ = {isa = PBXBuildFile; fileRef = 2740D5B01F5CC8BD00DA45FA /* AppStoreDemo.xcdatamodeld */; };
		2740D5B41F5CC8BD00DA45FA /* Assets.xcassets in Resources */ = {isa = PBXBuildFile; fileRef = 2740D5B31F5CC8BD00DA45FA /* Assets.xcassets */; };
		2740D5B71F5CC8BD00DA45FA /* LaunchScreen.storyboard in Resources */ = {isa = PBXBuildFile; fileRef = 2740D5B51F5CC8BD00DA45FA /* LaunchScreen.storyboard */; };
		2740D5C21F5CD1F600DA45FA /* CategoryCell.swift in Sources */ = {isa = PBXBuildFile; fileRef = 2740D5C11F5CD1F600DA45FA /* CategoryCell.swift */; };
		2740D5C41F5D0D7700DA45FA /* AppCategory.swift in Sources */ = {isa = PBXBuildFile; fileRef = 2740D5C31F5D0D7700DA45FA /* AppCategory.swift */; };
		2740D5C61F5D0D9F00DA45FA /* App.swift in Sources */ = {isa = PBXBuildFile; fileRef = 2740D5C51F5D0D9F00DA45FA /* App.swift */; };
		2742BEE11F6271B5006BE14E /* LargeCategoryCell.swift in Sources */ = {isa = PBXBuildFile; fileRef = 2742BEE01F6271B5006BE14E /* LargeCategoryCell.swift */; };
		2742BEE31F627831006BE14E /* Header.swift in Sources */ = {isa = PBXBuildFile; fileRef = 2742BEE21F627831006BE14E /* Header.swift */; };
/* End PBXBuildFile section */

/* Begin PBXFileReference section */
		2733E9951F5E0AB200E3FADE /* AppCell.swift */ = {isa = PBXFileReference; fileEncoding = 4; lastKnownFileType = sourcecode.swift; path = AppCell.swift; sourceTree = "<group>"; };
		2740D5A61F5CC8BD00DA45FA /* AppStoreDemo.app */ = {isa = PBXFileReference; explicitFileType = wrapper.application; includeInIndex = 0; path = AppStoreDemo.app; sourceTree = BUILT_PRODUCTS_DIR; };
		2740D5A91F5CC8BD00DA45FA /* AppDelegate.swift */ = {isa = PBXFileReference; lastKnownFileType = sourcecode.swift; path = AppDelegate.swift; sourceTree = "<group>"; };
		2740D5AB1F5CC8BD00DA45FA /* FeaturedAppsVC.swift */ = {isa = PBXFileReference; lastKnownFileType = sourcecode.swift; path = FeaturedAppsVC.swift; sourceTree = "<group>"; };
		2740D5B11F5CC8BD00DA45FA /* AppStoreDemo.xcdatamodel */ = {isa = PBXFileReference; lastKnownFileType = wrapper.xcdatamodel; path = AppStoreDemo.xcdatamodel; sourceTree = "<group>"; };
		2740D5B31F5CC8BD00DA45FA /* Assets.xcassets */ = {isa = PBXFileReference; lastKnownFileType = folder.assetcatalog; path = Assets.xcassets; sourceTree = "<group>"; };
		2740D5B61F5CC8BD00DA45FA /* Base */ = {isa = PBXFileReference; lastKnownFileType = file.storyboard; name = Base; path = Base.lproj/LaunchScreen.storyboard; sourceTree = "<group>"; };
		2740D5B81F5CC8BD00DA45FA /* Info.plist */ = {isa = PBXFileReference; lastKnownFileType = text.plist.xml; path = Info.plist; sourceTree = "<group>"; };
		2740D5C11F5CD1F600DA45FA /* CategoryCell.swift */ = {isa = PBXFileReference; fileEncoding = 4; lastKnownFileType = sourcecode.swift; path = CategoryCell.swift; sourceTree = "<group>"; };
		2740D5C31F5D0D7700DA45FA /* AppCategory.swift */ = {isa = PBXFileReference; fileEncoding = 4; lastKnownFileType = sourcecode.swift; path = AppCategory.swift; sourceTree = "<group>"; };
		2740D5C51F5D0D9F00DA45FA /* App.swift */ = {isa = PBXFileReference; fileEncoding = 4; lastKnownFileType = sourcecode.swift; path = App.swift; sourceTree = "<group>"; };
		2742BEE01F6271B5006BE14E /* LargeCategoryCell.swift */ = {isa = PBXFileReference; fileEncoding = 4; lastKnownFileType = sourcecode.swift; path = LargeCategoryCell.swift; sourceTree = "<group>"; };
		2742BEE21F627831006BE14E /* Header.swift */ = {isa = PBXFileReference; fileEncoding = 4; lastKnownFileType = sourcecode.swift; path = Header.swift; sourceTree = "<group>"; };
/* End PBXFileReference section */

/* Begin PBXFrameworksBuildPhase section */
		2740D5A31F5CC8BD00DA45FA /* Frameworks */ = {
			isa = PBXFrameworksBuildPhase;
			buildActionMask = 2147483647;
			files = (
			);
			runOnlyForDeploymentPostprocessing = 0;
		};
/* End PBXFrameworksBuildPhase section */

/* Begin PBXGroup section */
		2740D59D1F5CC8BD00DA45FA = {
			isa = PBXGroup;
			children = (
				2740D5A81F5CC8BD00DA45FA /* AppStoreDemo */,
				2740D5A71F5CC8BD00DA45FA /* Products */,
			);
			sourceTree = "<group>";
		};
		2740D5A71F5CC8BD00DA45FA /* Products */ = {
			isa = PBXGroup;
			children = (
				2740D5A61F5CC8BD00DA45FA /* AppStoreDemo.app */,
			);
			name = Products;
			sourceTree = "<group>";
		};
		2740D5A81F5CC8BD00DA45FA /* AppStoreDemo */ = {
			isa = PBXGroup;
			children = (
				2740D5C01F5CD1E100DA45FA /* Controller */,
				2740D5BF1F5CD1DC00DA45FA /* View */,
				2740D5BE1F5CD1D800DA45FA /* Model */,
				2740D5A91F5CC8BD00DA45FA /* AppDelegate.swift */,
				2740D5B31F5CC8BD00DA45FA /* Assets.xcassets */,
				2740D5B51F5CC8BD00DA45FA /* LaunchScreen.storyboard */,
				2740D5B81F5CC8BD00DA45FA /* Info.plist */,
				2740D5B01F5CC8BD00DA45FA /* AppStoreDemo.xcdatamodeld */,
			);
			path = AppStoreDemo;
			sourceTree = "<group>";
		};
		2740D5BE1F5CD1D800DA45FA /* Model */ = {
			isa = PBXGroup;
			children = (
				2740D5C31F5D0D7700DA45FA /* AppCategory.swift */,
				2740D5C51F5D0D9F00DA45FA /* App.swift */,
			);
			name = Model;
			sourceTree = "<group>";
		};
		2740D5BF1F5CD1DC00DA45FA /* View */ = {
			isa = PBXGroup;
			children = (
				2740D5C11F5CD1F600DA45FA /* CategoryCell.swift */,
				2733E9951F5E0AB200E3FADE /* AppCell.swift */,
				2742BEE01F6271B5006BE14E /* LargeCategoryCell.swift */,
				2742BEE21F627831006BE14E /* Header.swift */,
			);
			name = View;
			sourceTree = "<group>";
		};
		2740D5C01F5CD1E100DA45FA /* Controller */ = {
			isa = PBXGroup;
			children = (
				2740D5AB1F5CC8BD00DA45FA /* FeaturedAppsVC.swift */,
			);
			name = Controller;
			sourceTree = "<group>";
		};
/* End PBXGroup section */

/* Begin PBXNativeTarget section */
		2740D5A51F5CC8BD00DA45FA /* AppStoreDemo */ = {
			isa = PBXNativeTarget;
			buildConfigurationList = 2740D5BB1F5CC8BD00DA45FA /* Build configuration list for PBXNativeTarget "AppStoreDemo" */;
			buildPhases = (
				2740D5A21F5CC8BD00DA45FA /* Sources */,
				2740D5A31F5CC8BD00DA45FA /* Frameworks */,
				2740D5A41F5CC8BD00DA45FA /* Resources */,
			);
			buildRules = (
			);
			dependencies = (
			);
			name = AppStoreDemo;
			productName = AppStoreDemo;
			productReference = 2740D5A61F5CC8BD00DA45FA /* AppStoreDemo.app */;
			productType = "com.apple.product-type.application";
		};
/* End PBXNativeTarget section */

/* Begin PBXProject section */
		2740D59E1F5CC8BD00DA45FA /* Project object */ = {
			isa = PBXProject;
			attributes = {
				LastSwiftUpdateCheck = 0830;
				LastUpgradeCheck = 0830;
				ORGANIZATIONNAME = RKProduction;
				TargetAttributes = {
					2740D5A51F5CC8BD00DA45FA = {
						CreatedOnToolsVersion = 8.3.3;
						DevelopmentTeam = QRSG73774N;
						ProvisioningStyle = Automatic;
					};
				};
			};
			buildConfigurationList = 2740D5A11F5CC8BD00DA45FA /* Build configuration list for PBXProject "AppStoreDemo" */;
			compatibilityVersion = "Xcode 3.2";
			developmentRegion = English;
			hasScannedForEncodings = 0;
			knownRegions = (
				en,
				Base,
			);
			mainGroup = 2740D59D1F5CC8BD00DA45FA;
			productRefGroup = 2740D5A71F5CC8BD00DA45FA /* Products */;
			projectDirPath = "";
			projectRoot = "";
			targets = (
				2740D5A51F5CC8BD00DA45FA /* AppStoreDemo */,
			);
		};
/* End PBXProject section */

/* Begin PBXResourcesBuildPhase section */
		2740D5A41F5CC8BD00DA45FA /* Resources */ = {
			isa = PBXResourcesBuildPhase;
			buildActionMask = 2147483647;
			files = (
				2740D5B71F5CC8BD00DA45FA /* LaunchScreen.storyboard in Resources */,
				2740D5B41F5CC8BD00DA45FA /* Assets.xcassets in Resources */,
			);
			runOnlyForDeploymentPostprocessing = 0;
		};
/* End PBXResourcesBuildPhase section */

/* Begin PBXSourcesBuildPhase section */
		2740D5A21F5CC8BD00DA45FA /* Sources */ = {
			isa = PBXSourcesBuildPhase;
			buildActionMask = 2147483647;
			files = (
				2740D5B21F5CC8BD00DA45FA /* AppStoreDemo.xcdatamodeld in Sources */,
				2742BEE31F627831006BE14E /* Header.swift in Sources */,
				2733E9961F5E0AB200E3FADE /* AppCell.swift in Sources */,
				2740D5C41F5D0D7700DA45FA /* AppCategory.swift in Sources */,
				2742BEE11F6271B5006BE14E /* LargeCategoryCell.swift in Sources */,
				2740D5AC1F5CC8BD00DA45FA /* FeaturedAppsVC.swift in Sources */,
				2740D5C61F5D0D9F00DA45FA /* App.swift in Sources */,
				2740D5AA1F5CC8BD00DA45FA /* AppDelegate.swift in Sources */,
				2740D5C21F5CD1F600DA45FA /* CategoryCell.swift in Sources */,
			);
			runOnlyForDeploymentPostprocessing = 0;
		};
/* End PBXSourcesBuildPhase section */

/* Begin PBXVariantGroup section */
		2740D5B51F5CC8BD00DA45FA /* LaunchScreen.storyboard */ = {
			isa = PBXVariantGroup;
			children = (
				2740D5B61F5CC8BD00DA45FA /* Base */,
			);
			name = LaunchScreen.storyboard;
			sourceTree = "<group>";
		};
/* End PBXVariantGroup section */

/* Begin XCBuildConfiguration section */
		2740D5B91F5CC8BD00DA45FA /* Debug */ = {
			isa = XCBuildConfiguration;
			buildSettings = {
				ALWAYS_SEARCH_USER_PATHS = NO;
				CLANG_ANALYZER_NONNULL = YES;
				CLANG_ANALYZER_NUMBER_OBJECT_CONVERSION = YES_AGGRESSIVE;
				CLANG_CXX_LANGUAGE_STANDARD = "gnu++0x";
				CLANG_CXX_LIBRARY = "libc++";
				CLANG_ENABLE_MODULES = YES;
				CLANG_ENABLE_OBJC_ARC = YES;
				CLANG_WARN_BOOL_CONVERSION = YES;
				CLANG_WARN_CONSTANT_CONVERSION = YES;
				CLANG_WARN_DIRECT_OBJC_ISA_USAGE = YES_ERROR;
				CLANG_WARN_DOCUMENTATION_COMMENTS = YES;
				CLANG_WARN_EMPTY_BODY = YES;
				CLANG_WARN_ENUM_CONVERSION = YES;
				CLANG_WARN_INFINITE_RECURSION = YES;
				CLANG_WARN_INT_CONVERSION = YES;
				CLANG_WARN_OBJC_ROOT_CLASS = YES_ERROR;
				CLANG_WARN_SUSPICIOUS_MOVE = YES;
				CLANG_WARN_UNREACHABLE_CODE = YES;
				CLANG_WARN__DUPLICATE_METHOD_MATCH = YES;
				"CODE_SIGN_IDENTITY[sdk=iphoneos*]" = "iPhone Developer";
				COPY_PHASE_STRIP = NO;
				DEBUG_INFORMATION_FORMAT = dwarf;
				ENABLE_STRICT_OBJC_MSGSEND = YES;
				ENABLE_TESTABILITY = YES;
				GCC_C_LANGUAGE_STANDARD = gnu99;
				GCC_DYNAMIC_NO_PIC = NO;
				GCC_NO_COMMON_BLOCKS = YES;
				GCC_OPTIMIZATION_LEVEL = 0;
				GCC_PREPROCESSOR_DEFINITIONS = (
					"DEBUG=1",
					"$(inherited)",
				);
				GCC_WARN_64_TO_32_BIT_CONVERSION = YES;
				GCC_WARN_ABOUT_RETURN_TYPE = YES_ERROR;
				GCC_WARN_UNDECLARED_SELECTOR = YES;
				GCC_WARN_UNINITIALIZED_AUTOS = YES_AGGRESSIVE;
				GCC_WARN_UNUSED_FUNCTION = YES;
				GCC_WARN_UNUSED_VARIABLE = YES;
				IPHONEOS_DEPLOYMENT_TARGET = 10.3;
				MTL_ENABLE_DEBUG_INFO = YES;
				ONLY_ACTIVE_ARCH = YES;
				SDKROOT = iphoneos;
				SWIFT_ACTIVE_COMPILATION_CONDITIONS = DEBUG;
				SWIFT_OPTIMIZATION_LEVEL = "-Onone";
				TARGETED_DEVICE_FAMILY = "1,2";
			};
			name = Debug;
		};
		2740D5BA1F5CC8BD00DA45FA /* Release */ = {
			isa = XCBuildConfiguration;
			buildSettings = {
				ALWAYS_SEARCH_USER_PATHS = NO;
				CLANG_ANALYZER_NONNULL = YES;
				CLANG_ANALYZER_NUMBER_OBJECT_CONVERSION = YES_AGGRESSIVE;
				CLANG_CXX_LANGUAGE_STANDARD = "gnu++0x";
				CLANG_CXX_LIBRARY = "libc++";
				CLANG_ENABLE_MODULES = YES;
				CLANG_ENABLE_OBJC_ARC = YES;
				CLANG_WARN_BOOL_CONVERSION = YES;
				CLANG_WARN_CONSTANT_CONVERSION = YES;
				CLANG_WARN_DIRECT_OBJC_ISA_USAGE = YES_ERROR;
				CLANG_WARN_DOCUMENTATION_COMMENTS = YES;
				CLANG_WARN_EMPTY_BODY = YES;
				CLANG_WARN_ENUM_CONVERSION = YES;
				CLANG_WARN_INFINITE_RECURSION = YES;
				CLANG_WARN_INT_CONVERSION = YES;
				CLANG_WARN_OBJC_ROOT_CLASS = YES_ERROR;
				CLANG_WARN_SUSPICIOUS_MOVE = YES;
				CLANG_WARN_UNREACHABLE_CODE = YES;
				CLANG_WARN__DUPLICATE_METHOD_MATCH = YES;
				"CODE_SIGN_IDENTITY[sdk=iphoneos*]" = "iPhone Developer";
				COPY_PHASE_STRIP = NO;
				DEBUG_INFORMATION_FORMAT = "dwarf-with-dsym";
				ENABLE_NS_ASSERTIONS = NO;
				ENABLE_STRICT_OBJC_MSGSEND = YES;
				GCC_C_LANGUAGE_STANDARD = gnu99;
				GCC_NO_COMMON_BLOCKS = YES;
				GCC_WARN_64_TO_32_BIT_CONVERSION = YES;
				GCC_WARN_ABOUT_RETURN_TYPE = YES_ERROR;
				GCC_WARN_UNDECLARED_SELECTOR = YES;
				GCC_WARN_UNINITIALIZED_AUTOS = YES_AGGRESSIVE;
				GCC_WARN_UNUSED_FUNCTION = YES;
				GCC_WARN_UNUSED_VARIABLE = YES;
				IPHONEOS_DEPLOYMENT_TARGET = 10.3;
				MTL_ENABLE_DEBUG_INFO = NO;
				SDKROOT = iphoneos;
				SWIFT_OPTIMIZATION_LEVEL = "-Owholemodule";
				TARGETED_DEVICE_FAMILY = "1,2";
				VALIDATE_PRODUCT = YES;
			};
			name = Release;
		};
		2740D5BC1F5CC8BD00DA45FA /* Debug */ = {
			isa = XCBuildConfiguration;
			buildSettings = {
				ASSETCATALOG_COMPILER_APPICON_NAME = AppIcon;
				DEVELOPMENT_TEAM = QRSG73774N;
				INFOPLIST_FILE = AppStoreDemo/Info.plist;
				LD_RUNPATH_SEARCH_PATHS = "$(inherited) @executable_path/Frameworks";
				PRODUCT_BUNDLE_IDENTIFIER = com.RKProduction.AppStoreDemo;
				PRODUCT_NAME = "$(TARGET_NAME)";
				SWIFT_VERSION = 3.0;
			};
			name = Debug;
		};
		2740D5BD1F5CC8BD00DA45FA /* Release */ = {
			isa = XCBuildConfiguration;
			buildSettings = {
				ASSETCATALOG_COMPILER_APPICON_NAME = AppIcon;
				DEVELOPMENT_TEAM = QRSG73774N;
				INFOPLIST_FILE = AppStoreDemo/Info.plist;
				LD_RUNPATH_SEARCH_PATHS = "$(inherited) @executable_path/Frameworks";
				PRODUCT_BUNDLE_IDENTIFIER = com.RKProduction.AppStoreDemo;
				PRODUCT_NAME = "$(TARGET_NAME)";
				SWIFT_VERSION = 3.0;
			};
			name = Release;
		};
/* End XCBuildConfiguration section */

/* Begin XCConfigurationList section */
		2740D5A11F5CC8BD00DA45FA /* Build configuration list for PBXProject "AppStoreDemo" */ = {
			isa = XCConfigurationList;
			buildConfigurations = (
				2740D5B91F5CC8BD00DA45FA /* Debug */,
				2740D5BA1F5CC8BD00DA45FA /* Release */,
			);
			defaultConfigurationIsVisible = 0;
			defaultConfigurationName = Release;
		};
		2740D5BB1F5CC8BD00DA45FA /* Build configuration list for PBXNativeTarget "AppStoreDemo" */ = {
			isa = XCConfigurationList;
			buildConfigurations = (
				2740D5BC1F5CC8BD00DA45FA /* Debug */,
				2740D5BD1F5CC8BD00DA45FA /* Release */,
			);
			defaultConfigurationIsVisible = 0;
			defaultConfigurationName = Release;
		};
/* End XCConfigurationList section */

/* Begin XCVersionGroup section */
		2740D5B01F5CC8BD00DA45FA /* AppStoreDemo.xcdatamodeld */ = {
			isa = XCVersionGroup;
			children = (
				2740D5B11F5CC8BD00DA45FA /* AppStoreDemo.xcdatamodel */,
			);
			currentVersion = 2740D5B11F5CC8BD00DA45FA /* AppStoreDemo.xcdatamodel */;
			path = AppStoreDemo.xcdatamodeld;
			sourceTree = "<group>";
			versionGroupType = wrapper.xcdatamodel;
		};
/* End XCVersionGroup section */
	};
	rootObject = 2740D59E1F5CC8BD00DA45FA /* Project object */;
}
